
Microsoft Visual Studio Solution File, Format Version 12.00
# Visual Studio Version 17
VisualStudioVersion = 17.9.34622.214
MinimumVisualStudioVersion = 10.0.40219.1
Project("{9A19103F-16F7-4668-BE54-9A1E7A4F7556}") = "EY.Energy.API", "EY.Energy.API\EY.Energy.API.csproj", "{3E522A16-A947-4962-BF46-BCE77E678795}"
EndProject
Project("{9A19103F-16F7-4668-BE54-9A1E7A4F7556}") = "EY.Energy.Infrastructure", "EY.Energy.Infrastructure\EY.Energy.Infrastructure.csproj", "{A3E19E16-668C-43EE-A1D7-75263CB759E9}"
EndProject
Project("{9A19103F-16F7-4668-BE54-9A1E7A4F7556}") = "EY.Energy.Application", "EY.Energy.Application\EY.Energy.Application.csproj", "{EE38625E-AE6B-43D5-B45B-7C7D39C6B378}"
EndProject
Global
	GlobalSection(SolutionConfigurationPlatforms) = preSolution
		Debug|Any CPU = Debug|Any CPU
		Release|Any CPU = Release|Any CPU
	EndGlobalSection
	GlobalSection(ProjectConfigurationPlatforms) = postSolution
		{3E522A16-A947-4962-BF46-BCE77E678795}.Debug|Any CPU.ActiveCfg = Debug|Any CPU
		{3E522A16-A947-4962-BF46-BCE77E678795}.Debug|Any CPU.Build.0 = Debug|Any CPU
		{3E522A16-A947-4962-BF46-BCE77E678795}.Release|Any CPU.ActiveCfg = Release|Any CPU
		{3E522A16-A947-4962-BF46-BCE77E678795}.Release|Any CPU.Build.0 = Release|Any CPU
		{A3E19E16-668C-43EE-A1D7-75263CB759E9}.Debug|Any CPU.ActiveCfg = Debug|Any CPU
		{A3E19E16-668C-43EE-A1D7-75263CB759E9}.Debug|Any CPU.Build.0 = Debug|Any CPU
		{A3E19E16-668C-43EE-A1D7-75263CB759E9}.Release|Any CPU.ActiveCfg = Release|Any CPU
		{A3E19E16-668C-43EE-A1D7-75263CB759E9}.Release|Any CPU.Build.0 = Release|Any CPU
		{EE38625E-AE6B-43D5-B45B-7C7D39C6B378}.Debug|Any CPU.ActiveCfg = Debug|Any CPU
		{EE38625E-AE6B-43D5-B45B-7C7D39C6B378}.Debug|Any CPU.Build.0 = Debug|Any CPU
		{EE38625E-AE6B-43D5-B45B-7C7D39C6B378}.Release|Any CPU.ActiveCfg = Release|Any CPU
		{EE38625E-AE6B-43D5-B45B-7C7D39C6B378}.Release|Any CPU.Build.0 = Release|Any CPU
	EndGlobalSection
	GlobalSection(SolutionProperties) = preSolution
		HideSolutionNode = FALSE
	EndGlobalSection
	GlobalSection(ExtensibilityGlobals) = postSolution
		SolutionGuid = {48DDECC4-0768-40E3-942F-A9AE39BB720A}
	EndGlobalSection
EndGlobal
